Microsoft Visual Studio Solution File, Format Version 12.00
# Visual Studio Version 17
VisualStudioVersion = 17.5.2.0
MinimumVisualStudioVersion = 10.0.40219.1
Project("{FAE04EC0-301F-11D3-BF4B-00C04F79EFBC}") = "JogoDoMario", "JogoDoMario.csproj", "{F23B5882-5E28-EC6F-E99A-8ADBEEE7C138}"
EndProject
Global
	GlobalSection(SolutionConfigurationPlatforms) = preSolution
		Debug|Any CPU = Debug|Any CPU
		Release|Any CPU = Release|Any CPU
	EndGlobalSection
	GlobalSection(ProjectConfigurationPlatforms) = postSolution
		{F23B5882-5E28-EC6F-E99A-8ADBEEE7C138}.Debug|Any CPU.ActiveCfg = Debug|Any CPU
		{F23B5882-5E28-EC6F-E99A-8ADBEEE7C138}.Debug|Any CPU.Build.0 = Debug|Any CPU
		{F23B5882-5E28-EC6F-E99A-8ADBEEE7C138}.Release|Any CPU.ActiveCfg = Release|Any CPU
		{F23B5882-5E28-EC6F-E99A-8ADBEEE7C138}.Release|Any CPU.Build.0 = Release|Any CPU
	EndGlobalSection
	GlobalSection(SolutionProperties) = preSolution
		HideSolutionNode = FALSE
	EndGlobalSection
	GlobalSection(ExtensibilityGlobals) = postSolution
		SolutionGuid = {2A6F87D9-1637-48DD-B413-AA359146AADF}
	EndGlobalSection
EndGlobal
